
Microsoft Visual Studio Solution File, Format Version 12.00
# Visual Studio 15
VisualStudioVersion = 15.0.27130.2026
MinimumVisualStudioVersion = 10.0.40219.1
Project("{FAE04EC0-301F-11D3-BF4B-00C04F79EFBC}") = "Actions", "Actions\Actions.csproj", "{99FFDB13-0F4D-4058-9C7C-46BD9AE81FA6}"
EndProject
Project("{FAE04EC0-301F-11D3-BF4B-00C04F79EFBC}") = "Beers", "Beers\Beers.csproj", "{D10782E8-56EA-4357-889B-A731F263A9F3}"
EndProject
Project("{FAE04EC0-301F-11D3-BF4B-00C04F79EFBC}") = "CokiSkoki", "CokiSkoki\CokiSkoki.csproj", "{8AC1F5F6-1977-4FB0-81F6-4B044490C795}"
EndProject
Project("{FAE04EC0-301F-11D3-BF4B-00C04F79EFBC}") = "Guards", "Guards\Guards.csproj", "{AB784117-DF15-4339-AFE8-56F22A7A7E0E}"
EndProject
Project("{FAE04EC0-301F-11D3-BF4B-00C04F79EFBC}") = "JediMeditation", "JediMeditation\JediMeditation.csproj", "{C0B2953F-8EDA-430E-8E4A-7C0DA03E3905}"
EndProject
Project("{FAE04EC0-301F-11D3-BF4B-00C04F79EFBC}") = "JungleTrees", "JungleTrees\JungleTrees.csproj", "{9AEFFAA3-91ED-4B05-AA3E-F667F750122B}"
EndProject
Project("{FAE04EC0-301F-11D3-BF4B-00C04F79EFBC}") = "LargesAreaInMatrix", "LargesAreaInMatrix\LargesAreaInMatrix.csproj", "{C83DC765-A3F9-4888-B462-F05D7D916ED8}"
EndProject
Project("{FAE04EC0-301F-11D3-BF4B-00C04F79EFBC}") = "MessageInABottle", "MessageInABottle\MessageInABottle.csproj", "{011AA25D-94B5-44C5-BAE0-0DDA34C71BAF}"
EndProject
Project("{FAE04EC0-301F-11D3-BF4B-00C04F79EFBC}") = "PathToM", "PathToM\PathToM.csproj", "{82D75EAF-916C-49B2-90D6-C56B575557C4}"
EndProject
Project("{FAE04EC0-301F-11D3-BF4B-00C04F79EFBC}") = "PlayerRanking", "PlayerRanking\PlayerRanking.csproj", "{837CDE1B-A022-4C90-A97F-1FBBA723750B}"
EndProject
Project("{FAE04EC0-301F-11D3-BF4B-00C04F79EFBC}") = "Slogan", "Slogan\Slogan.csproj", "{12947BA8-3A80-454C-B743-BA2EF975F88D}"
EndProject
Project("{FAE04EC0-301F-11D3-BF4B-00C04F79EFBC}") = "UnitsOfWork", "UnitsOfWork\UnitsOfWork.csproj", "{7A10056E-DAC9-44C9-8B88-C0F35D71FD5C}"
EndProject
Global
	GlobalSection(SolutionConfigurationPlatforms) = preSolution
		Debug|Any CPU = Debug|Any CPU
		Release|Any CPU = Release|Any CPU
	EndGlobalSection
	GlobalSection(ProjectConfigurationPlatforms) = postSolution
		{99FFDB13-0F4D-4058-9C7C-46BD9AE81FA6}.Debug|Any CPU.ActiveCfg = Debug|Any CPU
		{99FFDB13-0F4D-4058-9C7C-46BD9AE81FA6}.Debug|Any CPU.Build.0 = Debug|Any CPU
		{99FFDB13-0F4D-4058-9C7C-46BD9AE81FA6}.Release|Any CPU.ActiveCfg = Release|Any CPU
		{99FFDB13-0F4D-4058-9C7C-46BD9AE81FA6}.Release|Any CPU.Build.0 = Release|Any CPU
		{D10782E8-56EA-4357-889B-A731F263A9F3}.Debug|Any CPU.ActiveCfg = Debug|Any CPU
		{D10782E8-56EA-4357-889B-A731F263A9F3}.Debug|Any CPU.Build.0 = Debug|Any CPU
		{D10782E8-56EA-4357-889B-A731F263A9F3}.Release|Any CPU.ActiveCfg = Release|Any CPU
		{D10782E8-56EA-4357-889B-A731F263A9F3}.Release|Any CPU.Build.0 = Release|Any CPU
		{8AC1F5F6-1977-4FB0-81F6-4B044490C795}.Debug|Any CPU.ActiveCfg = Debug|Any CPU
		{8AC1F5F6-1977-4FB0-81F6-4B044490C795}.Debug|Any CPU.Build.0 = Debug|Any CPU
		{8AC1F5F6-1977-4FB0-81F6-4B044490C795}.Release|Any CPU.ActiveCfg = Release|Any CPU
		{8AC1F5F6-1977-4FB0-81F6-4B044490C795}.Release|Any CPU.Build.0 = Release|Any CPU
		{AB784117-DF15-4339-AFE8-56F22A7A7E0E}.Debug|Any CPU.ActiveCfg = Debug|Any CPU
		{AB784117-DF15-4339-AFE8-56F22A7A7E0E}.Debug|Any CPU.Build.0 = Debug|Any CPU
		{AB784117-DF15-4339-AFE8-56F22A7A7E0E}.Release|Any CPU.ActiveCfg = Release|Any CPU
		{AB784117-DF15-4339-AFE8-56F22A7A7E0E}.Release|Any CPU.Build.0 = Release|Any CPU
		{C0B2953F-8EDA-430E-8E4A-7C0DA03E3905}.Debug|Any CPU.ActiveCfg = Debug|Any CPU
		{C0B2953F-8EDA-430E-8E4A-7C0DA03E3905}.Debug|Any CPU.Build.0 = Debug|Any CPU
		{C0B2953F-8EDA-430E-8E4A-7C0DA03E3905}.Release|Any CPU.ActiveCfg = Release|Any CPU
		{C0B2953F-8EDA-430E-8E4A-7C0DA03E3905}.Release|Any CPU.Build.0 = Release|Any CPU
		{9AEFFAA3-91ED-4B05-AA3E-F667F750122B}.Debug|Any CPU.ActiveCfg = Debug|Any CPU
		{9AEFFAA3-91ED-4B05-AA3E-F667F750122B}.Debug|Any CPU.Build.0 = Debug|Any CPU
		{9AEFFAA3-91ED-4B05-AA3E-F667F750122B}.Release|Any CPU.ActiveCfg = Release|Any CPU
		{9AEFFAA3-91ED-4B05-AA3E-F667F750122B}.Release|Any CPU.Build.0 = Release|Any CPU
		{C83DC765-A3F9-4888-B462-F05D7D916ED8}.Debug|Any CPU.ActiveCfg = Debug|Any CPU
		{C83DC765-A3F9-4888-B462-F05D7D916ED8}.Debug|Any CPU.Build.0 = Debug|Any CPU
		{C83DC765-A3F9-4888-B462-F05D7D916ED8}.Release|Any CPU.ActiveCfg = Release|Any CPU
		{C83DC765-A3F9-4888-B462-F05D7D916ED8}.Release|Any CPU.Build.0 = Release|Any CPU
		{011AA25D-94B5-44C5-BAE0-0DDA34C71BAF}.Debug|Any CPU.ActiveCfg = Debug|Any CPU
		{011AA25D-94B5-44C5-BAE0-0DDA34C71BAF}.Debug|Any CPU.Build.0 = Debug|Any CPU
		{011AA25D-94B5-44C5-BAE0-0DDA34C71BAF}.Release|Any CPU.ActiveCfg = Release|Any CPU
		{011AA25D-94B5-44C5-BAE0-0DDA34C71BAF}.Release|Any CPU.Build.0 = Release|Any CPU
		{82D75EAF-916C-49B2-90D6-C56B575557C4}.Debug|Any CPU.ActiveCfg = Debug|Any CPU
		{82D75EAF-916C-49B2-90D6-C56B575557C4}.Debug|Any CPU.Build.0 = Debug|Any CPU
		{82D75EAF-916C-49B2-90D6-C56B575557C4}.Release|Any CPU.ActiveCfg = Release|Any CPU
		{82D75EAF-916C-49B2-90D6-C56B575557C4}.Release|Any CPU.Build.0 = Release|Any CPU
		{837CDE1B-A022-4C90-A97F-1FBBA723750B}.Debug|Any CPU.ActiveCfg = Debug|Any CPU
		{837CDE1B-A022-4C90-A97F-1FBBA723750B}.Debug|Any CPU.Build.0 = Debug|Any CPU
		{837CDE1B-A022-4C90-A97F-1FBBA723750B}.Release|Any CPU.ActiveCfg = Release|Any CPU
		{837CDE1B-A022-4C90-A97F-1FBBA723750B}.Release|Any CPU.Build.0 = Release|Any CPU
		{12947BA8-3A80-454C-B743-BA2EF975F88D}.Debug|Any CPU.ActiveCfg = Debug|Any CPU
		{12947BA8-3A80-454C-B743-BA2EF975F88D}.Debug|Any CPU.Build.0 = Debug|Any CPU
		{12947BA8-3A80-454C-B743-BA2EF975F88D}.Release|Any CPU.ActiveCfg = Release|Any CPU
		{12947BA8-3A80-454C-B743-BA2EF975F88D}.Release|Any CPU.Build.0 = Release|Any CPU
		{7A10056E-DAC9-44C9-8B88-C0F35D71FD5C}.Debug|Any CPU.ActiveCfg = Debug|Any CPU
		{7A10056E-DAC9-44C9-8B88-C0F35D71FD5C}.Debug|Any CPU.Build.0 = Debug|Any CPU
		{7A10056E-DAC9-44C9-8B88-C0F35D71FD5C}.Release|Any CPU.ActiveCfg = Release|Any CPU
		{7A10056E-DAC9-44C9-8B88-C0F35D71FD5C}.Release|Any CPU.Build.0 = Release|Any CPU
	EndGlobalSection
	GlobalSection(SolutionProperties) = preSolution
		HideSolutionNode = FALSE
	EndGlobalSection
	GlobalSection(ExtensibilityGlobals) = postSolution
		SolutionGuid = {03CECC11-8921-49A2-8767-C56F10888D39}
	EndGlobalSection
EndGlobal
